github.com/scipipe/scipipe v0.9.11 h1:G1m1tWKUCpFHtJzE9WF2VDlzi/WOYd/nWTV/0Nf4YL8=
github.com/scipipe/scipipe v0.9.11/go.mod h1:Nwof+Uimtam7GTpkU6cAf/EOnqvxcOVFytjnYU5I3vY=
github.com/scipipe/scipipe v0.9.12 h1:9MgPaDqueEHTSA8E5pZ1x02b6ONQDr3EiH5fEzuo89Y=
github.com/scipipe/scipipe v0.9.12/go.mod h1:Nwof+Uimtam7GTpkU6cAf/EOnqvxcOVFytjnYU5I3vY=
